
Microsoft Visual Studio Solution File, Format Version 12.00
# Visual Studio Version 17
VisualStudioVersion = 17.5.33516.290
MinimumVisualStudioVersion = 10.0.40219.1
Project("{FAE04EC0-301F-11D3-BF4B-00C04F79EFBC}") = "exercicio2", "exercicio2\exercicio2.csproj", "{B3FBDC02-2DAF-4C65-90DD-E68973BA68B8}"
EndProject
Project("{FAE04EC0-301F-11D3-BF4B-00C04F79EFBC}") = "exercicio3", "..\Projeto3\exercicio3.csproj", "{2E49B85A-9AB9-4A32-AE41-B71391E89779}"
EndProject
Project("{FAE04EC0-301F-11D3-BF4B-00C04F79EFBC}") = "exercicio4", "..\Exercicio4\exercicio4.csproj", "{AC201190-F39E-482C-A2F5-6601B8E6BF64}"
EndProject
Project("{FAE04EC0-301F-11D3-BF4B-00C04F79EFBC}") = "exercicio5", "..\exercicio5\exercicio5.csproj", "{3DBFD38F-CDC5-42E1-A460-2B03AB6C6F63}"
EndProject
Project("{FAE04EC0-301F-11D3-BF4B-00C04F79EFBC}") = "exercicio6", "..\exercicio6\exercicio6.csproj", "{845465F6-1403-4302-B4EC-2F44434AFF1B}"
EndProject
Project("{FAE04EC0-301F-11D3-BF4B-00C04F79EFBC}") = "exercicio7", "..\exercicio7\exercicio7.csproj", "{6C889D5A-F962-4FBE-A671-4CDF8FB78AEF}"
EndProject
Global
	GlobalSection(SolutionConfigurationPlatforms) = preSolution
		Debug|Any CPU = Debug|Any CPU
		Release|Any CPU = Release|Any CPU
	EndGlobalSection
	GlobalSection(ProjectConfigurationPlatforms) = postSolution
		{B3FBDC02-2DAF-4C65-90DD-E68973BA68B8}.Debug|Any CPU.ActiveCfg = Debug|Any CPU
		{B3FBDC02-2DAF-4C65-90DD-E68973BA68B8}.Debug|Any CPU.Build.0 = Debug|Any CPU
		{B3FBDC02-2DAF-4C65-90DD-E68973BA68B8}.Release|Any CPU.ActiveCfg = Release|Any CPU
		{B3FBDC02-2DAF-4C65-90DD-E68973BA68B8}.Release|Any CPU.Build.0 = Release|Any CPU
		{2E49B85A-9AB9-4A32-AE41-B71391E89779}.Debug|Any CPU.ActiveCfg = Debug|Any CPU
		{2E49B85A-9AB9-4A32-AE41-B71391E89779}.Debug|Any CPU.Build.0 = Debug|Any CPU
		{2E49B85A-9AB9-4A32-AE41-B71391E89779}.Release|Any CPU.ActiveCfg = Release|Any CPU
		{2E49B85A-9AB9-4A32-AE41-B71391E89779}.Release|Any CPU.Build.0 = Release|Any CPU
		{AC201190-F39E-482C-A2F5-6601B8E6BF64}.Debug|Any CPU.ActiveCfg = Debug|Any CPU
		{AC201190-F39E-482C-A2F5-6601B8E6BF64}.Debug|Any CPU.Build.0 = Debug|Any CPU
		{AC201190-F39E-482C-A2F5-6601B8E6BF64}.Release|Any CPU.ActiveCfg = Release|Any CPU
		{AC201190-F39E-482C-A2F5-6601B8E6BF64}.Release|Any CPU.Build.0 = Release|Any CPU
		{3DBFD38F-CDC5-42E1-A460-2B03AB6C6F63}.Debug|Any CPU.ActiveCfg = Debug|Any CPU
		{3DBFD38F-CDC5-42E1-A460-2B03AB6C6F63}.Debug|Any CPU.Build.0 = Debug|Any CPU
		{3DBFD38F-CDC5-42E1-A460-2B03AB6C6F63}.Release|Any CPU.ActiveCfg = Release|Any CPU
		{3DBFD38F-CDC5-42E1-A460-2B03AB6C6F63}.Release|Any CPU.Build.0 = Release|Any CPU
		{845465F6-1403-4302-B4EC-2F44434AFF1B}.Debug|Any CPU.ActiveCfg = Debug|Any CPU
		{845465F6-1403-4302-B4EC-2F44434AFF1B}.Debug|Any CPU.Build.0 = Debug|Any CPU
		{845465F6-1403-4302-B4EC-2F44434AFF1B}.Release|Any CPU.ActiveCfg = Release|Any CPU
		{845465F6-1403-4302-B4EC-2F44434AFF1B}.Release|Any CPU.Build.0 = Release|Any CPU
		{6C889D5A-F962-4FBE-A671-4CDF8FB78AEF}.Debug|Any CPU.ActiveCfg = Debug|Any CPU
		{6C889D5A-F962-4FBE-A671-4CDF8FB78AEF}.Debug|Any CPU.Build.0 = Debug|Any CPU
		{6C889D5A-F962-4FBE-A671-4CDF8FB78AEF}.Release|Any CPU.ActiveCfg = Release|Any CPU
		{6C889D5A-F962-4FBE-A671-4CDF8FB78AEF}.Release|Any CPU.Build.0 = Release|Any CPU
	EndGlobalSection
	GlobalSection(SolutionProperties) = preSolution
		HideSolutionNode = FALSE
	EndGlobalSection
	GlobalSection(ExtensibilityGlobals) = postSolution
		SolutionGuid = {F0A75609-F3AF-4A3E-8CE2-C025FD81861E}
	EndGlobalSection
EndGlobal
